# Generated by pub
# See https://dart.dev/tools/pub/glossary#lockfile
packages:
  characters:
    dependency: transitive
    description:
      name: characters
      sha256: "04a925763edad70e8443c99234dc3328f442e811f1d8fd1a72f1c8ad0f69a605"
      url: "https://pub.dev"
    source: hosted
    version: "1.3.0"
  collection:
    dependency: transitive
    description:
      name: collection
      sha256: ee67cb0715911d28db6bf4af1026078bd6f0128b07a5f66fb2ed94ec6783c09a
      url: "https://pub.dev"
    source: hosted
    version: "1.18.0"
  exponea:
    dependency: "direct main"
    description:
      path: ".."
      relative: true
    source: path
    version: "1.6.0"
  ffi:
    dependency: transitive
    description:
      name: ffi
      sha256: a38574032c5f1dd06c4aee541789906c12ccaab8ba01446e800d9c5b79c4a978
      url: "https://pub.dev"
    source: hosted
    version: "2.0.1"
  file:
    dependency: transitive
    description:
      name: file
      sha256: "1b92bec4fc2a72f59a8e15af5f52cd441e4a7860b49499d69dfa817af20e925d"
      url: "https://pub.dev"
    source: hosted
    version: "6.1.4"
  flutter:
    dependency: "direct main"
    description: flutter
    source: sdk
    version: "0.0.0"
  flutter_lints:
    dependency: "direct dev"
    description:
      name: flutter_lints
      sha256: b543301ad291598523947dc534aaddc5aaad597b709d2426d3a0e0d44c5cb493
      url: "https://pub.dev"
    source: hosted
    version: "1.0.4"
  flutter_web_plugins:
    dependency: transitive
    description: flutter
    source: sdk
    version: "0.0.0"
  lints:
    dependency: transitive
    description:
      name: lints
      sha256: a2c3d198cb5ea2e179926622d433331d8b58374ab8f29cdda6e863bd62fd369c
      url: "https://pub.dev"
    source: hosted
    version: "1.0.1"
  material_color_utilities:
    dependency: transitive
    description:
      name: material_color_utilities
      sha256: f7142bb1154231d7ea5f96bc7bde4bda2a0945d2806bb11670e30b850d56bdec
      url: "https://pub.dev"
    source: hosted
    version: "0.11.1"
  meta:
    dependency: transitive
    description:
      name: meta
      sha256: bdb68674043280c3428e9ec998512fb681678676b3c54e773629ffe74419f8c7
      url: "https://pub.dev"
    source: hosted
    version: "1.15.0"
  path:
    dependency: transitive
    description:
      name: path
      sha256: "8829d8a55c13fc0e37127c29fedf290c102f4e40ae94ada574091fe0ff96c917"
      url: "https://pub.dev"
    source: hosted
    version: "1.8.3"
  path_provider_linux:
    dependency: transitive
    description:
      name: path_provider_linux
      sha256: "525ad5e07622d19447ad740b1ed5070031f7a5437f44355ae915ff56e986429a"
      url: "https://pub.dev"
    source: hosted
    version: "2.1.9"
  path_provider_platform_interface:
    dependency: transitive
    description:
      name: path_provider_platform_interface
      sha256: "57585299a729335f1298b43245842678cb9f43a6310351b18fb577d6e33165ec"
      url: "https://pub.dev"
    source: hosted
    version: "2.0.6"
  path_provider_windows:
    dependency: transitive
    description:
      name: path_provider_windows
      sha256: "642ddf65fde5404f83267e8459ddb4556316d3ee6d511ed193357e25caa3632d"
      url: "https://pub.dev"
    source: hosted
    version: "2.1.4"
  platform:
    dependency: transitive
    description:
      name: platform
      sha256: "4a451831508d7d6ca779f7ac6e212b4023dd5a7d08a27a63da33756410e32b76"
      url: "https://pub.dev"
    source: hosted
    version: "3.1.0"
  plugin_platform_interface:
    dependency: transitive
    description:
      name: plugin_platform_interface
      sha256: "6a2128648c854906c53fa8e33986fc0247a1116122f9534dd20e3ab9e16a32bc"
      url: "https://pub.dev"
    source: hosted
    version: "2.1.4"
  process:
    dependency: transitive
    description:
      name: process
      sha256: "53fd8db9cec1d37b0574e12f07520d582019cb6c44abf5479a01505099a34a09"
      url: "https://pub.dev"
    source: hosted
    version: "4.2.4"
  shared_preferences:
    dependency: "direct main"
    description:
      name: shared_preferences
      sha256: "1cd0c3c0be0826eb52362ab018a81eed13b616ad9a52548c6ceb1bb349e6b6eb"
      url: "https://pub.dev"
    source: hosted
    version: "2.0.13"
  shared_preferences_android:
    dependency: transitive
    description:
      name: shared_preferences_android
      sha256: a51a4f9375097f94df1c6e0a49c0374440d31ab026b59d58a7e7660675879db4
      url: "https://pub.dev"
    source: hosted
    version: "2.0.16"
  shared_preferences_ios:
    dependency: transitive
    description:
      name: shared_preferences_ios
      sha256: "585a14cefec7da8c9c2fb8cd283a3bb726b4155c0952afe6a0caaa7b2272de34"
      url: "https://pub.dev"
    source: hosted
    version: "2.1.1"
  shared_preferences_linux:
    dependency: transitive
    description:
      name: shared_preferences_linux
      sha256: d7fb71e6e20cd3dfffcc823a28da3539b392e53ed5fc5c2b90b55fdaa8a7e8fa
      url: "https://pub.dev"
    source: hosted
    version: "2.1.4"
  shared_preferences_macos:
    dependency: transitive
    description:
      name: shared_preferences_macos
      sha256: "81b6a60b2d27020eb0fc41f4cebc91353047309967901a79ee8203e40c42ed46"
      url: "https://pub.dev"
    source: hosted
    version: "2.0.5"
  shared_preferences_platform_interface:
    dependency: transitive
    description:
      name: shared_preferences_platform_interface
      sha256: "824bfd02713e37603b2bdade0842e47d56e7db32b1dcdd1cae533fb88e2913fc"
      url: "https://pub.dev"
    source: hosted
    version: "2.1.1"
  shared_preferences_web:
    dependency: transitive
    description:
      name: shared_preferences_web
      sha256: "6737b757e49ba93de2a233df229d0b6a87728cea1684da828cbc718b65dcf9d7"
      url: "https://pub.dev"
    source: hosted
    version: "2.0.5"
  shared_preferences_windows:
    dependency: transitive
    description:
      name: shared_preferences_windows
      sha256: bd014168e8484837c39ef21065b78f305810ceabc1d4f90be6e3b392ce81b46d
      url: "https://pub.dev"
    source: hosted
    version: "2.1.4"
  sky_engine:
    dependency: transitive
    description: flutter
    source: sdk
    version: "0.0.99"
  uni_links:
    dependency: "direct main"
    description:
      name: uni_links
      sha256: "051098acfc9e26a9fde03b487bef5d3d228ca8f67693480c6f33fd4fbb8e2b6e"
      url: "https://pub.dev"
    source: hosted
    version: "0.5.1"
  uni_links_platform_interface:
    dependency: transitive
    description:
      name: uni_links_platform_interface
      sha256: "929cf1a71b59e3b7c2d8a2605a9cf7e0b125b13bc858e55083d88c62722d4507"
      url: "https://pub.dev"
    source: hosted
    version: "1.0.0"
  uni_links_web:
    dependency: transitive
    description:
      name: uni_links_web
      sha256: "7539db908e25f67de2438e33cc1020b30ab94e66720b5677ba6763b25f6394df"
      url: "https://pub.dev"
    source: hosted
    version: "0.1.0"
  vector_math:
    dependency: transitive
    description:
      name: vector_math
      sha256: "80b3257d1492ce4d091729e3a67a60407d227c27241d6927be0130c98e741803"
      url: "https://pub.dev"
    source: hosted
    version: "2.1.4"
  webview_flutter:
    dependency: transitive
    description:
      name: webview_flutter
      sha256: "47663d51a9061451aa3880a214ee9a65dcbb933b77bc44388e194279ab3ccaf6"
      url: "https://pub.dev"
    source: hosted
    version: "4.0.7"
  webview_flutter_android:
    dependency: transitive
    description:
      name: webview_flutter_android
      sha256: "34f83c2f0f64c75ad75c77a2ccfc8d2e531afbe8ad41af1fd787d6d33336aa90"
      url: "https://pub.dev"
    source: hosted
    version: "3.4.3"
  webview_flutter_platform_interface:
    dependency: transitive
    description:
      name: webview_flutter_platform_interface
      sha256: "1939c39e2150fb4d30fd3cc59a891a49fed9935db53007df633ed83581b6117b"
      url: "https://pub.dev"
    source: hosted
    version: "2.1.0"
  webview_flutter_wkwebview:
    dependency: transitive
    description:
      name: webview_flutter_wkwebview
      sha256: "283a38c2a2544768033864c698e0133aa9eee0f2c800f494b538a3d1044f7ecb"
      url: "https://pub.dev"
    source: hosted
    version: "3.1.1"
  win32:
    dependency: transitive
    description:
      name: win32
      sha256: c9ebe7ee4ab0c2194e65d3a07d8c54c5d00bb001b76081c4a04cdb8448b59e46
      url: "https://pub.dev"
    source: hosted
    version: "3.1.3"
  xdg_directories:
    dependency: transitive
    description:
      name: xdg_directories
      sha256: ee1505df1426458f7f60aac270645098d318a8b4766d85fde75f76f2e21807d1
      url: "https://pub.dev"
    source: hosted
    version: "1.0.0"
sdks:
  dart: ">=3.3.0-0 <4.0.0"
  flutter: ">=3.19.0"
